Microsoft Visual Studio Solution File, Format Version 12.00
# Visual Studio Version 17
VisualStudioVersion = 17.5.2.0
MinimumVisualStudioVersion = 10.0.40219.1
Project("{FAE04EC0-301F-11D3-BF4B-00C04F79EFBC}") = "AdminFinanzasBack", "AdminFinanzasBack\AdminFinanzasBack.csproj", "{524480FC-BF57-6FEC-B36F-770B2709121C}"
EndProject
Global
	GlobalSection(SolutionConfigurationPlatforms) = preSolution
		Debug|Any CPU = Debug|Any CPU
		Release|Any CPU = Release|Any CPU
	EndGlobalSection
	GlobalSection(ProjectConfigurationPlatforms) = postSolution
		{524480FC-BF57-6FEC-B36F-770B2709121C}.Debug|Any CPU.ActiveCfg = Debug|Any CPU
		{524480FC-BF57-6FEC-B36F-770B2709121C}.Debug|Any CPU.Build.0 = Debug|Any CPU
		{524480FC-BF57-6FEC-B36F-770B2709121C}.Release|Any CPU.ActiveCfg = Release|Any CPU
		{524480FC-BF57-6FEC-B36F-770B2709121C}.Release|Any CPU.Build.0 = Release|Any CPU
	EndGlobalSection
	GlobalSection(SolutionProperties) = preSolution
		HideSolutionNode = FALSE
	EndGlobalSection
	GlobalSection(ExtensibilityGlobals) = postSolution
		SolutionGuid = {AC80B6DA-3E63-47D3-B092-5D3511F397AE}
	EndGlobalSection
EndGlobal
